{
  "name": "benchmark",
  "version": "1.0.0",
  "lockfileVersion": 3,
  "requires": true,
  "packages": {
    "": {
      "name": "benchmark",
      "version": "1.0.0",
      "license": "ISC",
      "dependencies": {
        "prettier-csharp": "^0.5.0-development"
      }
    },
    "node_modules/antlr4": {
      "version": "4.13.0",
      "resolved": "https://registry.npmjs.org/antlr4/-/antlr4-4.13.0.tgz",
      "integrity": "sha512-zooUbt+UscjnWyOrsuY/tVFL4rwrAGwOivpQmvmUDE22hy/lUA467Rc1rcixyRwcRUIXFYBwv7+dClDSHdmmew==",
      "engines": {
        "node": ">=16"
      }
    },
    "node_modules/is-alphabetical": {
      "version": "1.0.4",
      "resolved": "https://registry.npmjs.org/is-alphabetical/-/is-alphabetical-1.0.4.tgz",
      "integrity": "sha512-DwzsA04LQ10FHTZuL0/grVDk4rFoVH1pjAToYwBrHSxcrBIGQuXrQMtD5U1b0U2XVgKZCTLLP8u2Qxqhy3l2Vg==",
      "funding": {
        "type": "github",
        "url": "https://github.com/sponsors/wooorm"
      }
    },
    "node_modules/is-alphanumerical": {
      "version": "1.0.4",
      "resolved": "https://registry.npmjs.org/is-alphanumerical/-/is-alphanumerical-1.0.4.tgz",
      "integrity": "sha512-UzoZUr+XfVz3t3v4KyGEniVL9BDRoQtY7tOyrRybkVNjDFWyo1yhXNGrrBTQxp3ib9BLAWs7k2YKBQsFRkZG9A==",
      "dependencies": {
        "is-alphabetical": "^1.0.0",
        "is-decimal": "^1.0.0"
      },
      "funding": {
        "type": "github",
        "url": "https://github.com/sponsors/wooorm"
      }
    },
    "node_modules/is-decimal": {
      "version": "1.0.4",
      "resolved": "https://registry.npmjs.org/is-decimal/-/is-decimal-1.0.4.tgz",
      "integrity": "sha512-RGdriMmQQvZ2aqaQq3awNA6dCGtKpiDFcOzrTWrDAT2MiWrKQVPmxLGHl7Y2nNu6led0kEyoX0enY0qXYsv9zw==",
      "funding": {
        "type": "github",
        "url": "https://github.com/sponsors/wooorm"
      }
    },
    "node_modules/lodash": {
      "version": "4.17.21",
      "resolved": "https://registry.npmjs.org/lodash/-/lodash-4.17.21.tgz",
      "integrity": "sha512-v2kDEe57lecTulaDIuNTPy3Ry4gLGJ6Z1O3vE1krgXZNrsQ+LFTGHVxVjcXPs17LhbZVGedAJv8XZ1tvj5FvSg=="
    },
    "node_modules/prettier": {
      "version": "1.19.1",
      "resolved": "https://registry.npmjs.org/prettier/-/prettier-1.19.1.tgz",
      "integrity": "sha512-s7PoyDv/II1ObgQunCbB9PdLmUcBZcnWOcxDh7O0N/UwDEsHyqkW+Qh28jW+mVuCdx7gLB0BotYI1Y6uI9iyew==",
      "bin": {
        "prettier": "bin-prettier.js"
      },
      "engines": {
        "node": ">=4"
      }
    },
    "node_modules/prettier-csharp": {
      "version": "0.5.0-development",
      "resolved": "https://registry.npmjs.org/prettier-csharp/-/prettier-csharp-0.5.0-development.tgz",
      "integrity": "sha512-AGrjQp0E+e6YBXSIpegv6DySYzJYTffeQD3UuV3oXsMhgTm9/75g1CIJzl8QJ7iqa5V1luvz3rj7Njs5gDMokg==",
      "dependencies": {
        "antlr4": "^4.7.2",
        "is-alphanumerical": "^1.0.2",
        "lodash": "^4.17.11",
        "prettier": "^1.15.3"
      }
    }
  }
}
